# THIS IS AN AUTOGENERATED FILE. DO NOT EDIT THIS FILE DIRECTLY.
# yarn lockfile v1


nanoevents@^1.0.2:
  version "1.0.2"
  resolved "https://registry.yarnpkg.com/nanoevents/-/nanoevents-1.0.2.tgz#5078a4f8d3e4318aa585c5f2c633cc57fc06ac0f"

portal-vue@^1.3.0:
  version "1.3.0"
  resolved "https://registry.yarnpkg.com/portal-vue/-/portal-vue-1.3.0.tgz#479630547c12bc94200d3485d40f21368955f809"
